
Microsoft Visual Studio Solution File, Format Version 12.00
# Visual Studio Version 17
VisualStudioVersion = 17.9.34728.123
MinimumVisualStudioVersion = 10.0.40219.1
Project("{FAE04EC0-301F-11D3-BF4B-00C04F79EFBC}") = "MvcMovie", "MvcMovie.csproj", "{EC729358-867E-4659-B52A-6F541D427A5A}"
EndProject
Global
	GlobalSection(SolutionConfigurationPlatforms) = preSolution
		Debug|Any CPU = Debug|Any CPU
		Release|Any CPU = Release|Any CPU
	EndGlobalSection
	GlobalSection(ProjectConfigurationPlatforms) = postSolution
		{EC729358-867E-4659-B52A-6F541D427A5A}.Debug|Any CPU.ActiveCfg = Debug|Any CPU
		{EC729358-867E-4659-B52A-6F541D427A5A}.Debug|Any CPU.Build.0 = Debug|Any CPU
		{EC729358-867E-4659-B52A-6F541D427A5A}.Release|Any CPU.ActiveCfg = Release|Any CPU
		{EC729358-867E-4659-B52A-6F541D427A5A}.Release|Any CPU.Build.0 = Release|Any CPU
	EndGlobalSection
	GlobalSection(SolutionProperties) = preSolution
		HideSolutionNode = FALSE
	EndGlobalSection
	GlobalSection(ExtensibilityGlobals) = postSolution
		SolutionGuid = {AF46A0A7-860B-4EA3-B9AF-CEC6FCBFDC60}
	EndGlobalSection
EndGlobal
